
Microsoft Visual Studio Solution File, Format Version 12.00
# Visual Studio Version 16
VisualStudioVersion = 16.0.33801.447
MinimumVisualStudioVersion = 10.0.40219.1
Project("{8BC9CEB8-8B4A-11D0-8D11-00A0C91BC942}") = "learnOpenGL", "learnOpenGL\learnOpenGL.vcxproj", "{E4BDC463-2DF9-4B42-B5DD-8D003E6CDC2C}"
EndProject
Global
	GlobalSection(SolutionConfigurationPlatforms) = preSolution
		Debug|x64 = Debug|x64
		Debug|x86 = Debug|x86
		Release|x64 = Release|x64
		Release|x86 = Release|x86
	EndGlobalSection
	GlobalSection(ProjectConfigurationPlatforms) = postSolution
		{E4BDC463-2DF9-4B42-B5DD-8D003E6CDC2C}.Debug|x64.ActiveCfg = Debug|x64
		{E4BDC463-2DF9-4B42-B5DD-8D003E6CDC2C}.Debug|x64.Build.0 = Debug|x64
		{E4BDC463-2DF9-4B42-B5DD-8D003E6CDC2C}.Debug|x86.ActiveCfg = Debug|Win32
		{E4BDC463-2DF9-4B42-B5DD-8D003E6CDC2C}.Debug|x86.Build.0 = Debug|Win32
		{E4BDC463-2DF9-4B42-B5DD-8D003E6CDC2C}.Release|x64.ActiveCfg = Release|x64
		{E4BDC463-2DF9-4B42-B5DD-8D003E6CDC2C}.Release|x64.Build.0 = Release|x64
		{E4BDC463-2DF9-4B42-B5DD-8D003E6CDC2C}.Release|x86.ActiveCfg = Release|Win32
		{E4BDC463-2DF9-4B42-B5DD-8D003E6CDC2C}.Release|x86.Build.0 = Release|Win32
	EndGlobalSection
	GlobalSection(SolutionProperties) = preSolution
		HideSolutionNode = FALSE
	EndGlobalSection
	GlobalSection(ExtensibilityGlobals) = postSolution
		SolutionGuid = {DC0775FB-2C7D-444B-8669-8FF2DE0C9756}
	EndGlobalSection
EndGlobal
